
Microsoft Visual Studio Solution File, Format Version 12.00
# Visual Studio Version 17
VisualStudioVersion = 17.7.34009.444
MinimumVisualStudioVersion = 10.0.40219.1
Project("{9A19103F-16F7-4668-BE54-9A1E7A4F7556}") = "file_directories", "file_directories.csproj", "{D12EBCA3-1898-47D9-ADA7-525A1D1B64BE}"
EndProject
Project("{FAE04EC0-301F-11D3-BF4B-00C04F79EFBC}") = "RichTextBox", "..\RichTextBox\RichTextBox.csproj", "{92BDC363-1EA1-45AA-8D8C-4986C39686D2}"
EndProject
Global
	GlobalSection(SolutionConfigurationPlatforms) = preSolution
		Debug|Any CPU = Debug|Any CPU
		Release|Any CPU = Release|Any CPU
	EndGlobalSection
	GlobalSection(ProjectConfigurationPlatforms) = postSolution
		{D12EBCA3-1898-47D9-ADA7-525A1D1B64BE}.Debug|Any CPU.ActiveCfg = Debug|Any CPU
		{D12EBCA3-1898-47D9-ADA7-525A1D1B64BE}.Debug|Any CPU.Build.0 = Debug|Any CPU
		{D12EBCA3-1898-47D9-ADA7-525A1D1B64BE}.Release|Any CPU.ActiveCfg = Release|Any CPU
		{D12EBCA3-1898-47D9-ADA7-525A1D1B64BE}.Release|Any CPU.Build.0 = Release|Any CPU
		{92BDC363-1EA1-45AA-8D8C-4986C39686D2}.Debug|Any CPU.ActiveCfg = Debug|Any CPU
		{92BDC363-1EA1-45AA-8D8C-4986C39686D2}.Debug|Any CPU.Build.0 = Debug|Any CPU
		{92BDC363-1EA1-45AA-8D8C-4986C39686D2}.Release|Any CPU.ActiveCfg = Release|Any CPU
		{92BDC363-1EA1-45AA-8D8C-4986C39686D2}.Release|Any CPU.Build.0 = Release|Any CPU
	EndGlobalSection
	GlobalSection(SolutionProperties) = preSolution
		HideSolutionNode = FALSE
	EndGlobalSection
	GlobalSection(ExtensibilityGlobals) = postSolution
		SolutionGuid = {DEC332D0-2DAF-47B4-B35C-2F287A71652B}
	EndGlobalSection
EndGlobal
